<?xml version="1.0" encoding="utf-8"?>
<Project ToolsVersion="4.0" xmlns="http://schemas.microsoft.com/developer/msbuild/2003">
  <ItemGroup>
    <Filter Include="Gameplay">
      <UniqueIdentifier>{960b6e9d-ce87-4f51-97f1-2e293af9bfc3}</UniqueIdentifier>
    </Filter>
    <Filter Include="Document">
      <UniqueIdentifier>{8f6262e8-8950-43f3-a0f7-ee09a9ca5217}</UniqueIdentifier>
    </Filter>
    <Filter Include="Framework">
      <UniqueIdentifier>{4FC737F1-C7A5-4376-A066-2A32D752A2FF}</UniqueIdentifier>
      <Extensions>cpp;c;cc;cxx;c++;cppm;ixx;def;odl;idl;hpj;bat;asm;asmx</Extensions>
    </Filter>
  </ItemGroup>
  <ItemGroup>
    <ClCompile Include="Framework/App.cpp">
      <Filter>Framework</Filter>
    </ClCompile>
    <ClCompile Include="Framework/GameCommon.cpp">
      <Filter>Framework</Filter>
    </ClCompile>
    <ClCompile Include="Framework/Main_Windows.cpp">
      <Filter>Framework</Filter>
    </ClCompile>
    <ClCompile Include="Gameplay/Game.cpp">
      <Filter>Gameplay</Filter>
    </ClCompile>
  </ItemGroup>
  <ItemGroup>
    <ClInclude Include="EngineBuildPreferences.hpp">
      <Filter>Framework</Filter>
    </ClInclude>
    <ClInclude Include="Framework/App.hpp">
      <Filter>Framework</Filter>
    </ClInclude>
    <ClInclude Include="Gameplay/Game.hpp">
      <Filter>Gameplay</Filter>
    </ClInclude>
    <ClInclude Include="Framework/GameCommon.hpp">
      <Filter>Framework</Filter>
    </ClInclude>
  </ItemGroup>
  <ItemGroup>
    <None Include="../../Docs/README.md">
      <Filter>Document</Filter>
    </None>
  </ItemGroup>
</Project>